
Datoteka rješenja Microsoft Visual Studio, format Verzija 12.00
# Visual Studio 15
VisualStudioVersion = 15.0.26403.0
MinimumVisualStudioVersion = 10.0.40219.1roject("{FAE04EC0-301F-11D3-BF4B-00C04F79EFBC}") = "ClashLand", "src\MAGIC\ClashLand.csproj", "{9257A23D-569D-40E6-9744-A34F6374DD47}"
EndProject
Global
	GlobalSection(SolutionConfigurationPlatforms) = preSolution
		Debug|Any CPU = Debug|Any CPU
		Debug|x64 = Debug|x64
		Release|Any CPU = Release|Any CPU
		Release|x64 = Release|x64
	EndGlobalSection
	GlobalSection(ProjectConfigurationPlatforms) = postSolution
		{9257A23D-569D-40E6-9744-A34F6374DD47}.Debug|Any CPU.ActiveCfg = Debug|Any CPU
		{9257A23D-569D-40E6-9744-A34F6374DD47}.Debug|Any CPU.Build.0 = Debug|Any CPU
		{9257A23D-569D-40E6-9744-A34F6374DD47}.Debug|x64.ActiveCfg = Debug|x64
		{9257A23D-569D-40E6-9744-A34F6374DD47}.Debug|x64.Build.0 = Debug|x64
		{9257A23D-569D-40E6-9744-A34F6374DD47}.Release|Any CPU.ActiveCfg = Release|Any CPU
		{9257A23D-569D-40E6-9744-A34F6374DD47}.Release|Any CPU.Build.0 = Release|Any CPU
		{9257A23D-569D-40E6-9744-A34F6374DD47}.Release|x64.ActiveCfg = Release|x64
		{9257A23D-569D-40E6-9744-A34F6374DD47}.Release|x64.Build.0 = Release|x64
	EndGlobalSection
	GlobalSection(SolutionProperties) = preSolution
		HideSolutionNode = FALSE
	EndGlobalSection
	GlobalSection(ExtensibilityGlobals) = postSolution
		SolutionGuid = {3C6C1CA4-968B-4057-B86C-B1ADC7B0B1D0}
	EndGlobalSection
EndGlobal
